
Microsoft Visual Studio Solution File, Format Version 12.00
# Visual Studio 15
VisualStudioVersion = 15.0.28307.106
MinimumVisualStudioVersion = 10.0.40219.1
Project("{9A19103F-16F7-4668-BE54-9A1E7A4F7556}") = "Collatz.Core", "Collatz.Core\Collatz.Core.csproj", "{B9F9C883-A62E-4566-808A-0EC2BE3E16EB}"
EndProject
Project("{9A19103F-16F7-4668-BE54-9A1E7A4F7556}") = "Collatz.Core.Tests", "Collatz.Core.Tests\Collatz.Core.Tests.csproj", "{CC0F1D53-FE2B-40CC-BA32-5DC8F83E9CCC}"
EndProject
Project("{9A19103F-16F7-4668-BE54-9A1E7A4F7556}") = "Collatz.Api", "Collatz.Api\Collatz.Api.csproj", "{8B907707-CA97-46CB-8773-BCD101FD7418}"
EndProject
Project("{FAE04EC0-301F-11D3-BF4B-00C04F79EFBC}") = "Collatz.Api.Tests", "Collatz.Api.Tests\Collatz.Api.Tests.csproj", "{E4FE41B8-9979-4B75-90C0-CF7B6E2581EA}"
EndProject
Project("{FAE04EC0-301F-11D3-BF4B-00C04F79EFBC}") = "Collatz.Api.Client", "Collatz.Api.Client\Collatz.Api.Client.csproj", "{5304FFEF-C02E-4E05-A1AC-51B1E5F2215A}"
EndProject
Global
	GlobalSection(SolutionConfigurationPlatforms) = preSolution
		Debug|Any CPU = Debug|Any CPU
		Release|Any CPU = Release|Any CPU
	EndGlobalSection
	GlobalSection(ProjectConfigurationPlatforms) = postSolution
		{B9F9C883-A62E-4566-808A-0EC2BE3E16EB}.Debug|Any CPU.ActiveCfg = Debug|Any CPU
		{B9F9C883-A62E-4566-808A-0EC2BE3E16EB}.Debug|Any CPU.Build.0 = Debug|Any CPU
		{B9F9C883-A62E-4566-808A-0EC2BE3E16EB}.Release|Any CPU.ActiveCfg = Release|Any CPU
		{B9F9C883-A62E-4566-808A-0EC2BE3E16EB}.Release|Any CPU.Build.0 = Release|Any CPU
		{CC0F1D53-FE2B-40CC-BA32-5DC8F83E9CCC}.Debug|Any CPU.ActiveCfg = Debug|Any CPU
		{CC0F1D53-FE2B-40CC-BA32-5DC8F83E9CCC}.Debug|Any CPU.Build.0 = Debug|Any CPU
		{CC0F1D53-FE2B-40CC-BA32-5DC8F83E9CCC}.Release|Any CPU.ActiveCfg = Release|Any CPU
		{CC0F1D53-FE2B-40CC-BA32-5DC8F83E9CCC}.Release|Any CPU.Build.0 = Release|Any CPU
		{8B907707-CA97-46CB-8773-BCD101FD7418}.Debug|Any CPU.ActiveCfg = Debug|Any CPU
		{8B907707-CA97-46CB-8773-BCD101FD7418}.Debug|Any CPU.Build.0 = Debug|Any CPU
		{8B907707-CA97-46CB-8773-BCD101FD7418}.Release|Any CPU.ActiveCfg = Release|Any CPU
		{8B907707-CA97-46CB-8773-BCD101FD7418}.Release|Any CPU.Build.0 = Release|Any CPU
		{E4FE41B8-9979-4B75-90C0-CF7B6E2581EA}.Debug|Any CPU.ActiveCfg = Debug|Any CPU
		{E4FE41B8-9979-4B75-90C0-CF7B6E2581EA}.Debug|Any CPU.Build.0 = Debug|Any CPU
		{E4FE41B8-9979-4B75-90C0-CF7B6E2581EA}.Release|Any CPU.ActiveCfg = Release|Any CPU
		{E4FE41B8-9979-4B75-90C0-CF7B6E2581EA}.Release|Any CPU.Build.0 = Release|Any CPU
		{5304FFEF-C02E-4E05-A1AC-51B1E5F2215A}.Debug|Any CPU.ActiveCfg = Debug|Any CPU
		{5304FFEF-C02E-4E05-A1AC-51B1E5F2215A}.Debug|Any CPU.Build.0 = Debug|Any CPU
		{5304FFEF-C02E-4E05-A1AC-51B1E5F2215A}.Release|Any CPU.ActiveCfg = Release|Any CPU
		{5304FFEF-C02E-4E05-A1AC-51B1E5F2215A}.Release|Any CPU.Build.0 = Release|Any CPU
	EndGlobalSection
	GlobalSection(SolutionProperties) = preSolution
		HideSolutionNode = FALSE
	EndGlobalSection
	GlobalSection(ExtensibilityGlobals) = postSolution
		SolutionGuid = {4E935512-EB31-4EBE-9DB2-A342A959B3B6}
	EndGlobalSection
EndGlobal
