
Microsoft Visual Studio Solution File, Format Version 12.00
# Visual Studio Version 16
VisualStudioVersion = 16.0.28809.33
MinimumVisualStudioVersion = 10.0.40219.1
Project("{9A19103F-16F7-4668-BE54-9A1E7A4F7556}") = "Collatz.Core", "Collatz.Core\Collatz.Core.csproj", "{B9F9C883-A62E-4566-808A-0EC2BE3E16EB}"
EndProject
Project("{9A19103F-16F7-4668-BE54-9A1E7A4F7556}") = "Collatz.Core.Tests", "Collatz.Core.Tests\Collatz.Core.Tests.csproj", "{CC0F1D53-FE2B-40CC-BA32-5DC8F83E9CCC}"
EndProject
Project("{9A19103F-16F7-4668-BE54-9A1E7A4F7556}") = "Collatz.Api", "Collatz.Api\Collatz.Api.csproj", "{8B907707-CA97-46CB-8773-BCD101FD7418}"
EndProject
Project("{9A19103F-16F7-4668-BE54-9A1E7A4F7556}") = "Collatz.Api.Tests", "Collatz.Api.Tests\Collatz.Api.Tests.csproj", "{E4FE41B8-9979-4B75-90C0-CF7B6E2581EA}"
EndProject
Project("{9A19103F-16F7-4668-BE54-9A1E7A4F7556}") = "Collatz.Api.Client", "Collatz.Api.Client\Collatz.Api.Client.csproj", "{5304FFEF-C02E-4E05-A1AC-51B1E5F2215A}"
EndProject
Project("{9A19103F-16F7-4668-BE54-9A1E7A4F7556}") = "Collatz.GuiClient", "Collatz.GuiClient\Collatz.GuiClient.csproj", "{E0E583DF-540E-423D-8DD2-F336C9508376}"
EndProject
Project("{9A19103F-16F7-4668-BE54-9A1E7A4F7556}") = "Collatz.WebAssembly", "Collatz.WebAssembly\Collatz.WebAssembly.csproj", "{B6F15004-C803-449B-8824-AF4758A91FBC}"
EndProject
Project("{9A19103F-16F7-4668-BE54-9A1E7A4F7556}") = "Collatz.Server", "Collatz.Server\Collatz.Server.csproj", "{B14E460F-AF70-47A3-BD9F-70416C3EE008}"
EndProject
Project("{9A19103F-16F7-4668-BE54-9A1E7A4F7556}") = "Collatz.Client", "Collatz.Client\Collatz.Client.csproj", "{AAC6CBD3-4EB3-4A65-A722-8CBB147E97D7}"
EndProject
Project("{9A19103F-16F7-4668-BE54-9A1E7A4F7556}") = "Collatz.AvaloniaClient", "Collatz.AvaloniaClient\Collatz.AvaloniaClient.csproj", "{3D4CDCCD-A426-453F-85B3-FF00D47A4CAC}"
EndProject
Project("{9A19103F-16F7-4668-BE54-9A1E7A4F7556}") = "Collatz.Client.Mvvm", "Collatz.Client.Mvvm\Collatz.Client.Mvvm.csproj", "{9017600B-402B-4202-B78B-F9A25B69A270}"
EndProject
Project("{FAE04EC0-301F-11D3-BF4B-00C04F79EFBC}") = "Collatz.UsingWasmInCSharp", "Collatz.UsingWasmInCSharp\Collatz.UsingWasmInCSharp.csproj", "{F1EA4F28-CAF2-492E-A1CC-2D245733A76C}"
EndProject
Global
	GlobalSection(SolutionConfigurationPlatforms) = preSolution
		Debug|Any CPU = Debug|Any CPU
		Release|Any CPU = Release|Any CPU
	EndGlobalSection
	GlobalSection(ProjectConfigurationPlatforms) = postSolution
		{B9F9C883-A62E-4566-808A-0EC2BE3E16EB}.Debug|Any CPU.ActiveCfg = Debug|Any CPU
		{B9F9C883-A62E-4566-808A-0EC2BE3E16EB}.Debug|Any CPU.Build.0 = Debug|Any CPU
		{B9F9C883-A62E-4566-808A-0EC2BE3E16EB}.Release|Any CPU.ActiveCfg = Release|Any CPU
		{B9F9C883-A62E-4566-808A-0EC2BE3E16EB}.Release|Any CPU.Build.0 = Release|Any CPU
		{CC0F1D53-FE2B-40CC-BA32-5DC8F83E9CCC}.Debug|Any CPU.ActiveCfg = Debug|Any CPU
		{CC0F1D53-FE2B-40CC-BA32-5DC8F83E9CCC}.Debug|Any CPU.Build.0 = Debug|Any CPU
		{CC0F1D53-FE2B-40CC-BA32-5DC8F83E9CCC}.Release|Any CPU.ActiveCfg = Release|Any CPU
		{CC0F1D53-FE2B-40CC-BA32-5DC8F83E9CCC}.Release|Any CPU.Build.0 = Release|Any CPU
		{8B907707-CA97-46CB-8773-BCD101FD7418}.Debug|Any CPU.ActiveCfg = Debug|Any CPU
		{8B907707-CA97-46CB-8773-BCD101FD7418}.Debug|Any CPU.Build.0 = Debug|Any CPU
		{8B907707-CA97-46CB-8773-BCD101FD7418}.Release|Any CPU.ActiveCfg = Release|Any CPU
		{8B907707-CA97-46CB-8773-BCD101FD7418}.Release|Any CPU.Build.0 = Release|Any CPU
		{E4FE41B8-9979-4B75-90C0-CF7B6E2581EA}.Debug|Any CPU.ActiveCfg = Debug|Any CPU
		{E4FE41B8-9979-4B75-90C0-CF7B6E2581EA}.Debug|Any CPU.Build.0 = Debug|Any CPU
		{E4FE41B8-9979-4B75-90C0-CF7B6E2581EA}.Release|Any CPU.ActiveCfg = Release|Any CPU
		{E4FE41B8-9979-4B75-90C0-CF7B6E2581EA}.Release|Any CPU.Build.0 = Release|Any CPU
		{5304FFEF-C02E-4E05-A1AC-51B1E5F2215A}.Debug|Any CPU.ActiveCfg = Debug|Any CPU
		{5304FFEF-C02E-4E05-A1AC-51B1E5F2215A}.Debug|Any CPU.Build.0 = Debug|Any CPU
		{5304FFEF-C02E-4E05-A1AC-51B1E5F2215A}.Release|Any CPU.ActiveCfg = Release|Any CPU
		{5304FFEF-C02E-4E05-A1AC-51B1E5F2215A}.Release|Any CPU.Build.0 = Release|Any CPU
		{E0E583DF-540E-423D-8DD2-F336C9508376}.Debug|Any CPU.ActiveCfg = Debug|Any CPU
		{E0E583DF-540E-423D-8DD2-F336C9508376}.Debug|Any CPU.Build.0 = Debug|Any CPU
		{E0E583DF-540E-423D-8DD2-F336C9508376}.Release|Any CPU.ActiveCfg = Release|Any CPU
		{E0E583DF-540E-423D-8DD2-F336C9508376}.Release|Any CPU.Build.0 = Release|Any CPU
		{B6F15004-C803-449B-8824-AF4758A91FBC}.Debug|Any CPU.ActiveCfg = Debug|Any CPU
		{B6F15004-C803-449B-8824-AF4758A91FBC}.Debug|Any CPU.Build.0 = Debug|Any CPU
		{B6F15004-C803-449B-8824-AF4758A91FBC}.Release|Any CPU.ActiveCfg = Release|Any CPU
		{B6F15004-C803-449B-8824-AF4758A91FBC}.Release|Any CPU.Build.0 = Release|Any CPU
		{B14E460F-AF70-47A3-BD9F-70416C3EE008}.Debug|Any CPU.ActiveCfg = Debug|Any CPU
		{B14E460F-AF70-47A3-BD9F-70416C3EE008}.Debug|Any CPU.Build.0 = Debug|Any CPU
		{B14E460F-AF70-47A3-BD9F-70416C3EE008}.Release|Any CPU.ActiveCfg = Release|Any CPU
		{B14E460F-AF70-47A3-BD9F-70416C3EE008}.Release|Any CPU.Build.0 = Release|Any CPU
		{AAC6CBD3-4EB3-4A65-A722-8CBB147E97D7}.Debug|Any CPU.ActiveCfg = Debug|Any CPU
		{AAC6CBD3-4EB3-4A65-A722-8CBB147E97D7}.Debug|Any CPU.Build.0 = Debug|Any CPU
		{AAC6CBD3-4EB3-4A65-A722-8CBB147E97D7}.Release|Any CPU.ActiveCfg = Release|Any CPU
		{AAC6CBD3-4EB3-4A65-A722-8CBB147E97D7}.Release|Any CPU.Build.0 = Release|Any CPU
		{3D4CDCCD-A426-453F-85B3-FF00D47A4CAC}.Debug|Any CPU.ActiveCfg = Debug|Any CPU
		{3D4CDCCD-A426-453F-85B3-FF00D47A4CAC}.Debug|Any CPU.Build.0 = Debug|Any CPU
		{3D4CDCCD-A426-453F-85B3-FF00D47A4CAC}.Release|Any CPU.ActiveCfg = Release|Any CPU
		{3D4CDCCD-A426-453F-85B3-FF00D47A4CAC}.Release|Any CPU.Build.0 = Release|Any CPU
		{9017600B-402B-4202-B78B-F9A25B69A270}.Debug|Any CPU.ActiveCfg = Debug|Any CPU
		{9017600B-402B-4202-B78B-F9A25B69A270}.Debug|Any CPU.Build.0 = Debug|Any CPU
		{9017600B-402B-4202-B78B-F9A25B69A270}.Release|Any CPU.ActiveCfg = Release|Any CPU
		{9017600B-402B-4202-B78B-F9A25B69A270}.Release|Any CPU.Build.0 = Release|Any CPU
		{F1EA4F28-CAF2-492E-A1CC-2D245733A76C}.Debug|Any CPU.ActiveCfg = Debug|Any CPU
		{F1EA4F28-CAF2-492E-A1CC-2D245733A76C}.Debug|Any CPU.Build.0 = Debug|Any CPU
		{F1EA4F28-CAF2-492E-A1CC-2D245733A76C}.Release|Any CPU.ActiveCfg = Release|Any CPU
		{F1EA4F28-CAF2-492E-A1CC-2D245733A76C}.Release|Any CPU.Build.0 = Release|Any CPU
	EndGlobalSection
	GlobalSection(SolutionProperties) = preSolution
		HideSolutionNode = FALSE
	EndGlobalSection
	GlobalSection(ExtensibilityGlobals) = postSolution
		SolutionGuid = {4E935512-EB31-4EBE-9DB2-A342A959B3B6}
	EndGlobalSection
EndGlobal
